
Microsoft Visual Studio Solution File, Format Version 12.00
# Visual Studio Version 17
VisualStudioVersion = 17.11.35222.181
MinimumVisualStudioVersion = 10.0.40219.1
Project("{FAE04EC0-301F-11D3-BF4B-00C04F79EFBC}") = "Practica", "Practica\Practica.csproj", "{078D4D2F-7C29-420B-93B2-A02CC113D91A}"
EndProject
Global
	GlobalSection(SolutionConfigurationPlatforms) = preSolution
		Debug|Any CPU = Debug|Any CPU
		Release|Any CPU = Release|Any CPU
	EndGlobalSection
	GlobalSection(ProjectConfigurationPlatforms) = postSolution
		{078D4D2F-7C29-420B-93B2-A02CC113D91A}.Debug|Any CPU.ActiveCfg = Debug|Any CPU
		{078D4D2F-7C29-420B-93B2-A02CC113D91A}.Debug|Any CPU.Build.0 = Debug|Any CPU
		{078D4D2F-7C29-420B-93B2-A02CC113D91A}.Release|Any CPU.ActiveCfg = Release|Any CPU
		{078D4D2F-7C29-420B-93B2-A02CC113D91A}.Release|Any CPU.Build.0 = Release|Any CPU
	EndGlobalSection
	GlobalSection(SolutionProperties) = preSolution
		HideSolutionNode = FALSE
	EndGlobalSection
	GlobalSection(ExtensibilityGlobals) = postSolution
		SolutionGuid = {CE8579D1-B640-44D7-A725-742217175288}
	EndGlobalSection
EndGlobal
